// !$*UTF8*$!
{
	archiveVersion = 1;
	classes = {
	};
	objectVersion = 48;
	objects = {

/* Begin PBXBuildFile section */
		99C382DF37D9DFFE2EE71FCE /* Pods_Traffic_sys_Swift.framework in Frameworks */ = {isa = PBXBuildFile; fileRef = 24323B859860D813BC295AAE /* Pods_Traffic_sys_Swift.framework */; };
		CA48F0B31F7DCAE9008BCFBC /* Assets.xcassets in Resources */ = {isa = PBXBuildFile; fileRef = CA48F0B21F7DCAE9008BCFBC /* Assets.xcassets */; };
		CACDCEE51F7DDE4700B2EDAA /* UIKit.framework in Frameworks */ = {isa = PBXBuildFile; fileRef = CACDCEE41F7DDE4700B2EDAA /* UIKit.framework */; };
		CACDCEEC1F7DE0E500B2EDAA /* HomeViewController.swift in Sources */ = {isa = PBXBuildFile; fileRef = CA48F0C01F7DD111008BCFBC /* HomeViewController.swift */; };
		CACDCEED1F7DE0E500B2EDAA /* ChooseLoginOrRegisterViewController.swift in Sources */ = {isa = PBXBuildFile; fileRef = CA48F0C51F7DD111008BCFBC /* ChooseLoginOrRegisterViewController.swift */; };
		CACDCEEE1F7DE0E500B2EDAA /* ForgetPwdViewController.swift in Sources */ = {isa = PBXBuildFile; fileRef = CA48F0C61F7DD111008BCFBC /* ForgetPwdViewController.swift */; };
		CACDCEEF1F7DE0E500B2EDAA /* LoginViewController.swift in Sources */ = {isa = PBXBuildFile; fileRef = CA48F0C71F7DD112008BCFBC /* LoginViewController.swift */; };
		CACDCEF01F7DE0E500B2EDAA /* RegisterViewController.swift in Sources */ = {isa = PBXBuildFile; fileRef = CA48F0C81F7DD112008BCFBC /* RegisterViewController.swift */; };
		CACDCEF11F7DE0E500B2EDAA /* TabBarViewController.swift in Sources */ = {isa = PBXBuildFile; fileRef = CA48F0C91F7DD112008BCFBC /* TabBarViewController.swift */; };
		CACDCEF31F7DE0E500B2EDAA /* RegisterView.swift in Sources */ = {isa = PBXBuildFile; fileRef = CA48F0CD1F7DD112008BCFBC /* RegisterView.swift */; };
		CACDCEF41F7DE0E500B2EDAA /* AppDelegate.swift in Sources */ = {isa = PBXBuildFile; fileRef = CA48F0D01F7DD112008BCFBC /* AppDelegate.swift */; };
		CACDCEF61F7DE0E500B2EDAA /* ProfileViewController.swift in Sources */ = {isa = PBXBuildFile; fileRef = CA48F0D41F7DD112008BCFBC /* ProfileViewController.swift */; };
		CACDCEF71F7DE0E500B2EDAA /* UIColor-Extension.swift in Sources */ = {isa = PBXBuildFile; fileRef = CA48F0D91F7DD112008BCFBC /* UIColor-Extension.swift */; };
		CACDCEF81F7DE0E500B2EDAA /* UINavigationBar-Extension.swift in Sources */ = {isa = PBXBuildFile; fileRef = CA48F0DA1F7DD112008BCFBC /* UINavigationBar-Extension.swift */; };
		CACDCEF91F7DE0E500B2EDAA /* Common.swift in Sources */ = {isa = PBXBuildFile; fileRef = CA48F0DB1F7DD112008BCFBC /* Common.swift */; };
		CACDCEFA1F7DE0E500B2EDAA /* NetworkTools.swift in Sources */ = {isa = PBXBuildFile; fileRef = CA48F0DD1F7DD112008BCFBC /* NetworkTools.swift */; };
/* End PBXBuildFile section */

/* Begin PBXFileReference section */
		24323B859860D813BC295AAE /* Pods_Traffic_sys_Swift.framework */ = {isa = PBXFileReference; explicitFileType = wrapper.framework; includeInIndex = 0; path = Pods_Traffic_sys_Swift.framework; sourceTree = BUILT_PRODUCTS_DIR; };
		A477C3810EB90B33EA8F8048 /* Pods-Traffic_sys_Swift.release.xcconfig */ = {isa = PBXFileReference; includeInIndex = 1; lastKnownFileType = text.xcconfig; name = "Pods-Traffic_sys_Swift.release.xcconfig"; path = "Pods/Target Support Files/Pods-Traffic_sys_Swift/Pods-Traffic_sys_Swift.release.xcconfig"; sourceTree = "<group>"; };
		CA48F0A81F7DCAE9008BCFBC /* Traffic_sys_Swift.app */ = {isa = PBXFileReference; explicitFileType = wrapper.application; includeInIndex = 0; path = Traffic_sys_Swift.app; sourceTree = BUILT_PRODUCTS_DIR; };
		CA48F0B21F7DCAE9008BCFBC /* Assets.xcassets */ = {isa = PBXFileReference; lastKnownFileType = folder.assetcatalog; path = Assets.xcassets; sourceTree = "<group>"; };
		CA48F0C01F7DD111008BCFBC /* HomeViewController.swift */ = {isa = PBXFileReference; lastKnownFileType = sourcecode.swift; path = HomeViewController.swift; sourceTree = "<group>"; };
		CA48F0C51F7DD111008BCFBC /* ChooseLoginOrRegisterViewController.swift */ = {isa = PBXFileReference; lastKnownFileType = sourcecode.swift; path = ChooseLoginOrRegisterViewController.swift; sourceTree = "<group>"; };
		CA48F0C61F7DD111008BCFBC /* ForgetPwdViewController.swift */ = {isa = PBXFileReference; lastKnownFileType = sourcecode.swift; path = ForgetPwdViewController.swift; sourceTree = "<group>"; };
		CA48F0C71F7DD112008BCFBC /* LoginViewController.swift */ = {isa = PBXFileReference; lastKnownFileType = sourcecode.swift; path = LoginViewController.swift; sourceTree = "<group>"; };
		CA48F0C81F7DD112008BCFBC /* RegisterViewController.swift */ = {isa = PBXFileReference; lastKnownFileType = sourcecode.swift; path = RegisterViewController.swift; sourceTree = "<group>"; };
		CA48F0C91F7DD112008BCFBC /* TabBarViewController.swift */ = {isa = PBXFileReference; lastKnownFileType = sourcecode.swift; path = TabBarViewController.swift; sourceTree = "<group>"; };
		CA48F0CD1F7DD112008BCFBC /* RegisterView.swift */ = {isa = PBXFileReference; lastKnownFileType = sourcecode.swift; path = RegisterView.swift; sourceTree = "<group>"; };
		CA48F0D01F7DD112008BCFBC /* AppDelegate.swift */ = {isa = PBXFileReference; lastKnownFileType = sourcecode.swift; path = AppDelegate.swift; sourceTree = "<group>"; };
		CA48F0D11F7DD112008BCFBC /* Info.plist */ = {isa = PBXFileReference; lastKnownFileType = text.plist.xml; path = Info.plist; sourceTree = "<group>"; };
		CA48F0D41F7DD112008BCFBC /* ProfileViewController.swift */ = {isa = PBXFileReference; lastKnownFileType = sourcecode.swift; path = ProfileViewController.swift; sourceTree = "<group>"; };
		CA48F0D91F7DD112008BCFBC /* UIColor-Extension.swift */ = {isa = PBXFileReference; lastKnownFileType = sourcecode.swift; path = "UIColor-Extension.swift"; sourceTree = "<group>"; };
		CA48F0DA1F7DD112008BCFBC /* UINavigationBar-Extension.swift */ = {isa = PBXFileReference; lastKnownFileType = sourcecode.swift; path = "UINavigationBar-Extension.swift"; sourceTree = "<group>"; };
		CA48F0DB1F7DD112008BCFBC /* Common.swift */ = {isa = PBXFileReference; lastKnownFileType = sourcecode.swift; path = Common.swift; sourceTree = "<group>"; };
		CA48F0DD1F7DD112008BCFBC /* NetworkTools.swift */ = {isa = PBXFileReference; lastKnownFileType = sourcecode.swift; path = NetworkTools.swift; sourceTree = "<group>"; };
		CACDCEE41F7DDE4700B2EDAA /* UIKit.framework */ = {isa = PBXFileReference; lastKnownFileType = wrapper.framework; name = UIKit.framework; path = System/Library/Frameworks/UIKit.framework; sourceTree = SDKROOT; };
		D0D2F5A5E6D2815FB67070FD /* Pods-Traffic_sys_Swift.debug.xcconfig */ = {isa = PBXFileReference; includeInIndex = 1; lastKnownFileType = text.xcconfig; name = "Pods-Traffic_sys_Swift.debug.xcconfig"; path = "Pods/Target Support Files/Pods-Traffic_sys_Swift/Pods-Traffic_sys_Swift.debug.xcconfig"; sourceTree = "<group>"; };
/* End PBXFileReference section */

/* Begin PBXFrameworksBuildPhase section */
		CA48F0A51F7DCAE9008BCFBC /* Frameworks */ = {
			isa = PBXFrameworksBuildPhase;
			buildActionMask = 2147483647;
			files = (
				CACDCEE51F7DDE4700B2EDAA /* UIKit.framework in Frameworks */,
				99C382DF37D9DFFE2EE71FCE /* Pods_Traffic_sys_Swift.framework in Frameworks */,
			);
			runOnlyForDeploymentPostprocessing = 0;
		};
/* End PBXFrameworksBuildPhase section */

/* Begin PBXGroup section */
		1A5CEFEB594B7202181B2913 /* Pods */ = {
			isa = PBXGroup;
			children = (
				D0D2F5A5E6D2815FB67070FD /* Pods-Traffic_sys_Swift.debug.xcconfig */,
				A477C3810EB90B33EA8F8048 /* Pods-Traffic_sys_Swift.release.xcconfig */,
			);
			name = Pods;
			sourceTree = "<group>";
		};
		20E2CA9556EB3F61D2E38669 /* Frameworks */ = {
			isa = PBXGroup;
			children = (
				CACDCEE41F7DDE4700B2EDAA /* UIKit.framework */,
				24323B859860D813BC295AAE /* Pods_Traffic_sys_Swift.framework */,
			);
			name = Frameworks;
			sourceTree = "<group>";
		};
		CA48F09F1F7DCAE9008BCFBC = {
			isa = PBXGroup;
			children = (
				CA48F0AA1F7DCAE9008BCFBC /* Traffic_sys_Swift */,
				CA48F0A91F7DCAE9008BCFBC /* Products */,
				1A5CEFEB594B7202181B2913 /* Pods */,
				20E2CA9556EB3F61D2E38669 /* Frameworks */,
			);
			sourceTree = "<group>";
		};
		CA48F0A91F7DCAE9008BCFBC /* Products */ = {
			isa = PBXGroup;
			children = (
				CA48F0A81F7DCAE9008BCFBC /* Traffic_sys_Swift.app */,
			);
			name = Products;
			sourceTree = "<group>";
		};
		CA48F0AA1F7DCAE9008BCFBC /* Traffic_sys_Swift */ = {
			isa = PBXGroup;
			children = (
				CA48F0BD1F7DD111008BCFBC /* Classes */,
				CA48F0B21F7DCAE9008BCFBC /* Assets.xcassets */,
			);
			path = Traffic_sys_Swift;
			sourceTree = "<group>";
		};
		CA48F0BD1F7DD111008BCFBC /* Classes */ = {
			isa = PBXGroup;
			children = (
				CA48F0BE1F7DD111008BCFBC /* Home */,
				CA48F0C31F7DD111008BCFBC /* Main */,
				CA48F0CF1F7DD112008BCFBC /* Others */,
				CA48F0D21F7DD112008BCFBC /* Profile */,
				CA48F0D71F7DD112008BCFBC /* Tools */,
			);
			path = Classes;
			sourceTree = "<group>";
		};
		CA48F0BE1F7DD111008BCFBC /* Home */ = {
			isa = PBXGroup;
			children = (
				CA48F0BF1F7DD111008BCFBC /* Controllers */,
				CA48F0C11F7DD111008BCFBC /* Models */,
				CA48F0C21F7DD111008BCFBC /* Views */,
			);
			path = Home;
			sourceTree = "<group>";
		};
		CA48F0BF1F7DD111008BCFBC /* Controllers */ = {
			isa = PBXGroup;
			children = (
				CA48F0C01F7DD111008BCFBC /* HomeViewController.swift */,
			);
			path = Controllers;
			sourceTree = "<group>";
		};
		CA48F0C11F7DD111008BCFBC /* Models */ = {
			isa = PBXGroup;
			children = (
			);
			path = Models;
			sourceTree = "<group>";
		};
		CA48F0C21F7DD111008BCFBC /* Views */ = {
			isa = PBXGroup;
			children = (
			);
			path = Views;
			sourceTree = "<group>";
		};
		CA48F0C31F7DD111008BCFBC /* Main */ = {
			isa = PBXGroup;
			children = (
				CA48F0C41F7DD111008BCFBC /* Controllers */,
				CA48F0CA1F7DD112008BCFBC /* Models */,
				CA48F0CC1F7DD112008BCFBC /* Views */,
				CA48F0CE1F7DD112008BCFBC /* Welcome */,
			);
			path = Main;
			sourceTree = "<group>";
		};
		CA48F0C41F7DD111008BCFBC /* Controllers */ = {
			isa = PBXGroup;
			children = (
				CA48F0C51F7DD111008BCFBC /* ChooseLoginOrRegisterViewController.swift */,
				CA48F0C61F7DD111008BCFBC /* ForgetPwdViewController.swift */,
				CA48F0C71F7DD112008BCFBC /* LoginViewController.swift */,
				CA48F0C81F7DD112008BCFBC /* RegisterViewController.swift */,
				CA48F0C91F7DD112008BCFBC /* TabBarViewController.swift */,
			);
			path = Controllers;
			sourceTree = "<group>";
		};
		CA48F0CA1F7DD112008BCFBC /* Models */ = {
			isa = PBXGroup;
			children = (
			);
			path = Models;
			sourceTree = "<group>";
		};
		CA48F0CC1F7DD112008BCFBC /* Views */ = {
			isa = PBXGroup;
			children = (
				CA48F0CD1F7DD112008BCFBC /* RegisterView.swift */,
			);
			path = Views;
			sourceTree = "<group>";
		};
		CA48F0CE1F7DD112008BCFBC /* Welcome */ = {
			isa = PBXGroup;
			children = (
			);
			path = Welcome;
			sourceTree = "<group>";
		};
		CA48F0CF1F7DD112008BCFBC /* Others */ = {
			isa = PBXGroup;
			children = (
				CA48F0D01F7DD112008BCFBC /* AppDelegate.swift */,
				CA48F0D11F7DD112008BCFBC /* Info.plist */,
			);
			path = Others;
			sourceTree = "<group>";
		};
		CA48F0D21F7DD112008BCFBC /* Profile */ = {
			isa = PBXGroup;
			children = (
				CA48F0D31F7DD112008BCFBC /* Controllers */,
				CA48F0D51F7DD112008BCFBC /* Models */,
				CA48F0D61F7DD112008BCFBC /* Views */,
			);
			path = Profile;
			sourceTree = "<group>";
		};
		CA48F0D31F7DD112008BCFBC /* Controllers */ = {
			isa = PBXGroup;
			children = (
				CA48F0D41F7DD112008BCFBC /* ProfileViewController.swift */,
			);
			path = Controllers;
			sourceTree = "<group>";
		};
		CA48F0D51F7DD112008BCFBC /* Models */ = {
			isa = PBXGroup;
			children = (
			);
			path = Models;
			sourceTree = "<group>";
		};
		CA48F0D61F7DD112008BCFBC /* Views */ = {
			isa = PBXGroup;
			children = (
			);
			path = Views;
			sourceTree = "<group>";
		};
		CA48F0D71F7DD112008BCFBC /* Tools */ = {
			isa = PBXGroup;
			children = (
				CA48F0D81F7DD112008BCFBC /* Category */,
				CA48F0DB1F7DD112008BCFBC /* Common.swift */,
				CA48F0DC1F7DD112008BCFBC /* NetworkTools */,
			);
			path = Tools;
			sourceTree = "<group>";
		};
		CA48F0D81F7DD112008BCFBC /* Category */ = {
			isa = PBXGroup;
			children = (
				CA48F0D91F7DD112008BCFBC /* UIColor-Extension.swift */,
				CA48F0DA1F7DD112008BCFBC /* UINavigationBar-Extension.swift */,
			);
			path = Category;
			sourceTree = "<group>";
		};
		CA48F0DC1F7DD112008BCFBC /* NetworkTools */ = {
			isa = PBXGroup;
			children = (
				CA48F0DD1F7DD112008BCFBC /* NetworkTools.swift */,
			);
			path = NetworkTools;
			sourceTree = "<group>";
		};
/* End PBXGroup section */

/* Begin PBXNativeTarget section */
		CA48F0A71F7DCAE9008BCFBC /* Traffic_sys_Swift */ = {
			isa = PBXNativeTarget;
			buildConfigurationList = CA48F0BA1F7DCAE9008BCFBC /* Build configuration list for PBXNativeTarget "Traffic_sys_Swift" */;
			buildPhases = (
				23DED100562763E269A178AA /* [CP] Check Pods Manifest.lock */,
				CA48F0A41F7DCAE9008BCFBC /* Sources */,
				CA48F0A51F7DCAE9008BCFBC /* Frameworks */,
				CA48F0A61F7DCAE9008BCFBC /* Resources */,
				F3DF47AB4BE70C78FD03B8A6 /* [CP] Embed Pods Frameworks */,
				88A7BFA9A62DF0CE16F74F38 /* [CP] Copy Pods Resources */,
			);
			buildRules = (
			);
			dependencies = (
			);
			name = Traffic_sys_Swift;
			productName = Traffic_sys_Swift;
			productReference = CA48F0A81F7DCAE9008BCFBC /* Traffic_sys_Swift.app */;
			productType = "com.apple.product-type.application";
		};
/* End PBXNativeTarget section */

/* Begin PBXProject section */
		CA48F0A01F7DCAE9008BCFBC /* Project object */ = {
			isa = PBXProject;
			attributes = {
				LastSwiftUpdateCheck = 0900;
				LastUpgradeCheck = 0900;
				ORGANIZATIONNAME = "易无解";
				TargetAttributes = {
					CA48F0A71F7DCAE9008BCFBC = {
						CreatedOnToolsVersion = 9.0;
						ProvisioningStyle = Automatic;
					};
				};
			};
			buildConfigurationList = CA48F0A31F7DCAE9008BCFBC /* Build configuration list for PBXProject "Traffic_sys_Swift" */;
			compatibilityVersion = "Xcode 8.0";
			developmentRegion = en;
			hasScannedForEncodings = 0;
			knownRegions = (
				en,
				Base,
			);
			mainGroup = CA48F09F1F7DCAE9008BCFBC;
			productRefGroup = CA48F0A91F7DCAE9008BCFBC /* Products */;
			projectDirPath = "";
			projectRoot = "";
			targets = (
				CA48F0A71F7DCAE9008BCFBC /* Traffic_sys_Swift */,
			);
		};
/* End PBXProject section */

/* Begin PBXResourcesBuildPhase section */
		CA48F0A61F7DCAE9008BCFBC /* Resources */ = {
			isa = PBXResourcesBuildPhase;
			buildActionMask = 2147483647;
			files = (
				CA48F0B31F7DCAE9008BCFBC /* Assets.xcassets in Resources */,
			);
			runOnlyForDeploymentPostprocessing = 0;
		};
/* End PBXResourcesBuildPhase section */

/* Begin PBXShellScriptBuildPhase section */
		23DED100562763E269A178AA /* [CP] Check Pods Manifest.lock */ = {
			isa = PBXShellScriptBuildPhase;
			buildActionMask = 2147483647;
			files = (
			);
			inputPaths = (
			);
			name = "[CP] Check Pods Manifest.lock";
			outputPaths = (
			);
			runOnlyForDeploymentPostprocessing = 0;
			shellPath = /bin/sh;
			shellScript = "diff \"${PODS_ROOT}/../Podfile.lock\" \"${PODS_ROOT}/Manifest.lock\" > /dev/null\nif [ $? != 0 ] ; then\n    # print error to STDERR\n    echo \"error: The sandbox is not in sync with the Podfile.lock. Run 'pod install' or update your CocoaPods installation.\" >&2\n    exit 1\nfi\n";
			showEnvVarsInLog = 0;
		};
		88A7BFA9A62DF0CE16F74F38 /* [CP] Copy Pods Resources */ = {
			isa = PBXShellScriptBuildPhase;
			buildActionMask = 2147483647;
			files = (
			);
			inputPaths = (
			);
			name = "[CP] Copy Pods Resources";
			outputPaths = (
			);
			runOnlyForDeploymentPostprocessing = 0;
			shellPath = /bin/sh;
			shellScript = "\"${SRCROOT}/Pods/Target Support Files/Pods-Traffic_sys_Swift/Pods-Traffic_sys_Swift-resources.sh\"\n";
			showEnvVarsInLog = 0;
		};
		F3DF47AB4BE70C78FD03B8A6 /* [CP] Embed Pods Frameworks */ = {
			isa = PBXShellScriptBuildPhase;
			buildActionMask = 2147483647;
			files = (
			);
			inputPaths = (
			);
			name = "[CP] Embed Pods Frameworks";
			outputPaths = (
			);
			runOnlyForDeploymentPostprocessing = 0;
			shellPath = /bin/sh;
			shellScript = "\"${SRCROOT}/Pods/Target Support Files/Pods-Traffic_sys_Swift/Pods-Traffic_sys_Swift-frameworks.sh\"\n";
			showEnvVarsInLog = 0;
		};
/* End PBXShellScriptBuildPhase section */

/* Begin PBXSourcesBuildPhase section */
		CA48F0A41F7DCAE9008BCFBC /* Sources */ = {
			isa = PBXSourcesBuildPhase;
			buildActionMask = 2147483647;
			files = (
				CACDCEEC1F7DE0E500B2EDAA /* HomeViewController.swift in Sources */,
				CACDCEED1F7DE0E500B2EDAA /* ChooseLoginOrRegisterViewController.swift in Sources */,
				CACDCEEE1F7DE0E500B2EDAA /* ForgetPwdViewController.swift in Sources */,
				CACDCEEF1F7DE0E500B2EDAA /* LoginViewController.swift in Sources */,
				CACDCEF01F7DE0E500B2EDAA /* RegisterViewController.swift in Sources */,
				CACDCEF11F7DE0E500B2EDAA /* TabBarViewController.swift in Sources */,
				CACDCEF31F7DE0E500B2EDAA /* RegisterView.swift in Sources */,
				CACDCEF41F7DE0E500B2EDAA /* AppDelegate.swift in Sources */,
				CACDCEF61F7DE0E500B2EDAA /* ProfileViewController.swift in Sources */,
				CACDCEF71F7DE0E500B2EDAA /* UIColor-Extension.swift in Sources */,
				CACDCEF81F7DE0E500B2EDAA /* UINavigationBar-Extension.swift in Sources */,
				CACDCEF91F7DE0E500B2EDAA /* Common.swift in Sources */,
				CACDCEFA1F7DE0E500B2EDAA /* NetworkTools.swift in Sources */,
			);
			runOnlyForDeploymentPostprocessing = 0;
		};
/* End PBXSourcesBuildPhase section */

/* Begin XCBuildConfiguration section */
		CA48F0B81F7DCAE9008BCFBC /* Debug */ = {
			isa = XCBuildConfiguration;
			buildSettings = {
				ALWAYS_SEARCH_USER_PATHS = NO;
				CLANG_ANALYZER_NONNULL = YES;
				CLANG_ANALYZER_NUMBER_OBJECT_CONVERSION = YES_AGGRESSIVE;
				CLANG_CXX_LANGUAGE_STANDARD = "gnu++14";
				CLANG_CXX_LIBRARY = "libc++";
				CLANG_ENABLE_MODULES = YES;
				CLANG_ENABLE_OBJC_ARC = YES;
				CLANG_WARN_BLOCK_CAPTURE_AUTORELEASING = YES;
				CLANG_WARN_BOOL_CONVERSION = YES;
				CLANG_WARN_COMMA = YES;
				CLANG_WARN_CONSTANT_CONVERSION = YES;
				CLANG_WARN_DIRECT_OBJC_ISA_USAGE = YES_ERROR;
				CLANG_WARN_DOCUMENTATION_COMMENTS = YES;
				CLANG_WARN_EMPTY_BODY = YES;
				CLANG_WARN_ENUM_CONVERSION = YES;
				CLANG_WARN_INFINITE_RECURSION = YES;
				CLANG_WARN_INT_CONVERSION = YES;
				CLANG_WARN_NON_LITERAL_NULL_CONVERSION = YES;
				CLANG_WARN_OBJC_LITERAL_CONVERSION = YES;
				CLANG_WARN_OBJC_ROOT_CLASS = YES_ERROR;
				CLANG_WARN_RANGE_LOOP_ANALYSIS = YES;
				CLANG_WARN_STRICT_PROTOTYPES = YES;
				CLANG_WARN_SUSPICIOUS_MOVE = YES;
				CLANG_WARN_UNGUARDED_AVAILABILITY = YES_AGGRESSIVE;
				CLANG_WARN_UNREACHABLE_CODE = YES;
				CLANG_WARN__DUPLICATE_METHOD_MATCH = YES;
				CODE_SIGN_IDENTITY = "iPhone Developer";
				COPY_PHASE_STRIP = NO;
				DEBUG_INFORMATION_FORMAT = dwarf;
				ENABLE_STRICT_OBJC_MSGSEND = YES;
				ENABLE_TESTABILITY = YES;
				GCC_C_LANGUAGE_STANDARD = gnu11;
				GCC_DYNAMIC_NO_PIC = NO;
				GCC_NO_COMMON_BLOCKS = YES;
				GCC_OPTIMIZATION_LEVEL = 0;
				GCC_PREPROCESSOR_DEFINITIONS = (
					"DEBUG=1",
					"$(inherited)",
				);
				GCC_WARN_64_TO_32_BIT_CONVERSION = YES;
				GCC_WARN_ABOUT_RETURN_TYPE = YES_ERROR;
				GCC_WARN_UNDECLARED_SELECTOR = YES;
				GCC_WARN_UNINITIALIZED_AUTOS = YES_AGGRESSIVE;
				GCC_WARN_UNUSED_FUNCTION = YES;
				GCC_WARN_UNUSED_VARIABLE = YES;
				IPHONEOS_DEPLOYMENT_TARGET = 11.0;
				MTL_ENABLE_DEBUG_INFO = YES;
				ONLY_ACTIVE_ARCH = YES;
				SDKROOT = iphoneos;
				SWIFT_ACTIVE_COMPILATION_CONDITIONS = DEBUG;
				SWIFT_OPTIMIZATION_LEVEL = "-Onone";
			};
			name = Debug;
		};
		CA48F0B91F7DCAE9008BCFBC /* Release */ = {
			isa = XCBuildConfiguration;
			buildSettings = {
				ALWAYS_SEARCH_USER_PATHS = NO;
				CLANG_ANALYZER_NONNULL = YES;
				CLANG_ANALYZER_NUMBER_OBJECT_CONVERSION = YES_AGGRESSIVE;
				CLANG_CXX_LANGUAGE_STANDARD = "gnu++14";
				CLANG_CXX_LIBRARY = "libc++";
				CLANG_ENABLE_MODULES = YES;
				CLANG_ENABLE_OBJC_ARC = YES;
				CLANG_WARN_BLOCK_CAPTURE_AUTORELEASING = YES;
				CLANG_WARN_BOOL_CONVERSION = YES;
				CLANG_WARN_COMMA = YES;
				CLANG_WARN_CONSTANT_CONVERSION = YES;
				CLANG_WARN_DIRECT_OBJC_ISA_USAGE = YES_ERROR;
				CLANG_WARN_DOCUMENTATION_COMMENTS = YES;
				CLANG_WARN_EMPTY_BODY = YES;
				CLANG_WARN_ENUM_CONVERSION = YES;
				CLANG_WARN_INFINITE_RECURSION = YES;
				CLANG_WARN_INT_CONVERSION = YES;
				CLANG_WARN_NON_LITERAL_NULL_CONVERSION = YES;
				CLANG_WARN_OBJC_LITERAL_CONVERSION = YES;
				CLANG_WARN_OBJC_ROOT_CLASS = YES_ERROR;
				CLANG_WARN_RANGE_LOOP_ANALYSIS = YES;
				CLANG_WARN_STRICT_PROTOTYPES = YES;
				CLANG_WARN_SUSPICIOUS_MOVE = YES;
				CLANG_WARN_UNGUARDED_AVAILABILITY = YES_AGGRESSIVE;
				CLANG_WARN_UNREACHABLE_CODE = YES;
				CLANG_WARN__DUPLICATE_METHOD_MATCH = YES;
				CODE_SIGN_IDENTITY = "iPhone Developer";
				COPY_PHASE_STRIP = NO;
				DEBUG_INFORMATION_FORMAT = "dwarf-with-dsym";
				ENABLE_NS_ASSERTIONS = NO;
				ENABLE_STRICT_OBJC_MSGSEND = YES;
				GCC_C_LANGUAGE_STANDARD = gnu11;
				GCC_NO_COMMON_BLOCKS = YES;
				GCC_WARN_64_TO_32_BIT_CONVERSION = YES;
				GCC_WARN_ABOUT_RETURN_TYPE = YES_ERROR;
				GCC_WARN_UNDECLARED_SELECTOR = YES;
				GCC_WARN_UNINITIALIZED_AUTOS = YES_AGGRESSIVE;
				GCC_WARN_UNUSED_FUNCTION = YES;
				GCC_WARN_UNUSED_VARIABLE = YES;
				IPHONEOS_DEPLOYMENT_TARGET = 11.0;
				MTL_ENABLE_DEBUG_INFO = NO;
				SDKROOT = iphoneos;
				SWIFT_OPTIMIZATION_LEVEL = "-Owholemodule";
				VALIDATE_PRODUCT = YES;
			};
			name = Release;
		};
		CA48F0BB1F7DCAE9008BCFBC /* Debug */ = {
			isa = XCBuildConfiguration;
			baseConfigurationReference = D0D2F5A5E6D2815FB67070FD /* Pods-Traffic_sys_Swift.debug.xcconfig */;
			buildSettings = {
				ASSETCATALOG_COMPILER_APPICON_NAME = AppIcon;
				ASSETCATALOG_COMPILER_LAUNCHIMAGE_NAME = LaunchImage;
				CODE_SIGN_STYLE = Automatic;
				DEVELOPMENT_TEAM = V2RZX97NSW;
				INFOPLIST_FILE = Traffic_sys_Swift/Classes/Others/Info.plist;
				IPHONEOS_DEPLOYMENT_TARGET = 11.0;
				LD_RUNPATH_SEARCH_PATHS = "$(inherited) @executable_path/Frameworks";
				PRODUCT_BUNDLE_IDENTIFIER = "com.hhh.Traffic-sys-Swift";
				PRODUCT_NAME = "$(TARGET_NAME)";
				SWIFT_VERSION = 4.0;
				TARGETED_DEVICE_FAMILY = "1,2";
			};
			name = Debug;
		};
		CA48F0BC1F7DCAE9008BCFBC /* Release */ = {
			isa = XCBuildConfiguration;
			baseConfigurationReference = A477C3810EB90B33EA8F8048 /* Pods-Traffic_sys_Swift.release.xcconfig */;
			buildSettings = {
				ASSETCATALOG_COMPILER_APPICON_NAME = AppIcon;
				ASSETCATALOG_COMPILER_LAUNCHIMAGE_NAME = LaunchImage;
				CODE_SIGN_STYLE = Automatic;
				DEVELOPMENT_TEAM = V2RZX97NSW;
				INFOPLIST_FILE = Traffic_sys_Swift/Classes/Others/Info.plist;
				IPHONEOS_DEPLOYMENT_TARGET = 11.0;
				LD_RUNPATH_SEARCH_PATHS = "$(inherited) @executable_path/Frameworks";
				PRODUCT_BUNDLE_IDENTIFIER = "com.hhh.Traffic-sys-Swift";
				PRODUCT_NAME = "$(TARGET_NAME)";
				SWIFT_VERSION = 4.0;
				TARGETED_DEVICE_FAMILY = "1,2";
			};
			name = Release;
		};
/* End XCBuildConfiguration section */

/* Begin XCConfigurationList section */
		CA48F0A31F7DCAE9008BCFBC /* Build configuration list for PBXProject "Traffic_sys_Swift" */ = {
			isa = XCConfigurationList;
			buildConfigurations = (
				CA48F0B81F7DCAE9008BCFBC /* Debug */,
				CA48F0B91F7DCAE9008BCFBC /* Release */,
			);
			defaultConfigurationIsVisible = 0;
			defaultConfigurationName = Release;
		};
		CA48F0BA1F7DCAE9008BCFBC /* Build configuration list for PBXNativeTarget "Traffic_sys_Swift" */ = {
			isa = XCConfigurationList;
			buildConfigurations = (
				CA48F0BB1F7DCAE9008BCFBC /* Debug */,
				CA48F0BC1F7DCAE9008BCFBC /* Release */,
			);
			defaultConfigurationIsVisible = 0;
			defaultConfigurationName = Release;
		};
/* End XCConfigurationList section */
	};
	rootObject = CA48F0A01F7DCAE9008BCFBC /* Project object */;
}
